# This file is automatically @generated by Poetry 1.8.3 and should not be changed by hand.

[[package]]
name = "configparser"
version = "7.1.0"
description = "Updated configparser from stdlib for earlier Pythons."
optional = false
python-versions = ">=3.8"
files = [
    {file = "configparser-7.1.0-py3-none-any.whl", hash = "sha256:98e374573c4e10e92399651e3ba1c47a438526d633c44ee96143dec26dad4299"},
    {file = "configparser-7.1.0.tar.gz", hash = "sha256:eb82646c892dbdf773dae19c633044d163c3129971ae09b49410a303b8e0a5f7"},
]

[package.extras]
doc = ["furo", "jaraco.packaging (>=9.3)", "jaraco.tidelift (>=1.4)", "rst.linker (>=1.9)", "sphinx (>=3.5)", "sphinx-lint"]
test = ["pytest (>=6,!=8.1.*)", "pytest-checkdocs (>=2.4)", "pytest-cov", "pytest-enabler (>=2.2)", "pytest-mypy", "pytest-ruff (>=0.2.1)", "types-backports"]

[[package]]
name = "robotframework"
version = "7.1"
description = "Generic automation framework for acceptance testing and robotic process automation (RPA)"
optional = false
python-versions = ">=3.8"
files = [
    {file = "robotframework-7.1-py3-none-any.whl", hash = "sha256:23b4c80e0079e512fb3322fd1505a2cfc4ab054903ce96c121c215034bd5c7fc"},
    {file = "robotframework-7.1.zip", hash = "sha256:34796d387e182b36f05d82f3bbc802bd6a30192ebf1e03c76d2086d0d04faaff"},
]

[metadata]
lock-version = "2.0"
python-versions = "^3.11"
content-hash = "34eef4a1904f1e58ab715ee480b709097a502edd0a88a80ea7c20d4828807065"
